
Microsoft Visual Studio Solution File, Format Version 12.00
# Visual Studio Version 16
VisualStudioVersion = 16.0.30804.86
MinimumVisualStudioVersion = 10.0.40219.1
Project("{FAE04EC0-301F-11D3-BF4B-00C04F79EFBC}") = "MongoDB.NestedLookup", "MongoDB.NestedLookup\MongoDB.NestedLookup.csproj", "{552102A2-AE68-4BEA-BC21-D59CF63CE09F}"
EndProject
Project("{FAE04EC0-301F-11D3-BF4B-00C04F79EFBC}") = "Test", "Test\Test.csproj", "{45F0C740-3A8F-4AFB-8F4B-9C6C4C6E54A6}"
EndProject
Global
	GlobalSection(SolutionConfigurationPlatforms) = preSolution
		Debug|Any CPU = Debug|Any CPU
		Release|Any CPU = Release|Any CPU
	EndGlobalSection
	GlobalSection(ProjectConfigurationPlatforms) = postSolution
		{552102A2-AE68-4BEA-BC21-D59CF63CE09F}.Debug|Any CPU.ActiveCfg = Debug|Any CPU
		{552102A2-AE68-4BEA-BC21-D59CF63CE09F}.Debug|Any CPU.Build.0 = Debug|Any CPU
		{552102A2-AE68-4BEA-BC21-D59CF63CE09F}.Release|Any CPU.ActiveCfg = Release|Any CPU
		{552102A2-AE68-4BEA-BC21-D59CF63CE09F}.Release|Any CPU.Build.0 = Release|Any CPU
		{45F0C740-3A8F-4AFB-8F4B-9C6C4C6E54A6}.Debug|Any CPU.ActiveCfg = Debug|Any CPU
		{45F0C740-3A8F-4AFB-8F4B-9C6C4C6E54A6}.Debug|Any CPU.Build.0 = Debug|Any CPU
		{45F0C740-3A8F-4AFB-8F4B-9C6C4C6E54A6}.Release|Any CPU.ActiveCfg = Release|Any CPU
		{45F0C740-3A8F-4AFB-8F4B-9C6C4C6E54A6}.Release|Any CPU.Build.0 = Release|Any CPU
	EndGlobalSection
	GlobalSection(SolutionProperties) = preSolution
		HideSolutionNode = FALSE
	EndGlobalSection
	GlobalSection(ExtensibilityGlobals) = postSolution
		SolutionGuid = {C995C423-9925-4299-9CF6-1FF289381524}
	EndGlobalSection
EndGlobal
